
Microsoft Visual Studio Solution File, Format Version 12.00
# Visual Studio 2012
Project("{FAE04EC0-301F-11D3-BF4B-00C04F79EFBC}") = "DemoViews2.Android", "DemoViews2.Android\DemoViews2.Android.csproj", "{5A5F6C73-E5B8-433E-BFF7-4B92AD990D3F}"
EndProject
Project("{FAE04EC0-301F-11D3-BF4B-00C04F79EFBC}") = "DemoViews2.iOS", "DemoViews2.iOS\DemoViews2.iOS.csproj", "{38D7FAED-72AE-4A29-8D7B-8FD84D595ED9}"
EndProject
Project("{D954291E-2A0B-460D-934E-DC6B0785DB48}") = "DemoViews2", "DemoViews2\DemoViews2.shproj", "{43721F7E-1459-4B8F-9234-90F1CC90EA7F}"
EndProject
Global
	GlobalSection(SolutionConfigurationPlatforms) = preSolution
		Debug|Any CPU = Debug|Any CPU
		Release|Any CPU = Release|Any CPU
		Debug|iPhoneSimulator = Debug|iPhoneSimulator
		Release|iPhoneSimulator = Release|iPhoneSimulator
		Debug|iPhone = Debug|iPhone
		Release|iPhone = Release|iPhone
		Ad-Hoc|iPhone = Ad-Hoc|iPhone
		AppStore|iPhone = AppStore|iPhone
	EndGlobalSection
	GlobalSection(ProjectConfigurationPlatforms) = postSolution
		{5A5F6C73-E5B8-433E-BFF7-4B92AD990D3F}.Debug|Any CPU.ActiveCfg = Debug|Any CPU
		{5A5F6C73-E5B8-433E-BFF7-4B92AD990D3F}.Debug|Any CPU.Build.0 = Debug|Any CPU
		{5A5F6C73-E5B8-433E-BFF7-4B92AD990D3F}.Release|Any CPU.ActiveCfg = Release|Any CPU
		{5A5F6C73-E5B8-433E-BFF7-4B92AD990D3F}.Release|Any CPU.Build.0 = Release|Any CPU
		{5A5F6C73-E5B8-433E-BFF7-4B92AD990D3F}.Debug|iPhoneSimulator.ActiveCfg = Debug|Any CPU
		{5A5F6C73-E5B8-433E-BFF7-4B92AD990D3F}.Debug|iPhoneSimulator.Build.0 = Debug|Any CPU
		{5A5F6C73-E5B8-433E-BFF7-4B92AD990D3F}.Release|iPhoneSimulator.ActiveCfg = Release|Any CPU
		{5A5F6C73-E5B8-433E-BFF7-4B92AD990D3F}.Release|iPhoneSimulator.Build.0 = Release|Any CPU
		{5A5F6C73-E5B8-433E-BFF7-4B92AD990D3F}.Debug|iPhone.ActiveCfg = Debug|Any CPU
		{5A5F6C73-E5B8-433E-BFF7-4B92AD990D3F}.Debug|iPhone.Build.0 = Debug|Any CPU
		{5A5F6C73-E5B8-433E-BFF7-4B92AD990D3F}.Release|iPhone.ActiveCfg = Release|Any CPU
		{5A5F6C73-E5B8-433E-BFF7-4B92AD990D3F}.Release|iPhone.Build.0 = Release|Any CPU
		{5A5F6C73-E5B8-433E-BFF7-4B92AD990D3F}.Ad-Hoc|iPhone.ActiveCfg = Debug|Any CPU
		{5A5F6C73-E5B8-433E-BFF7-4B92AD990D3F}.Ad-Hoc|iPhone.Build.0 = Debug|Any CPU
		{5A5F6C73-E5B8-433E-BFF7-4B92AD990D3F}.AppStore|iPhone.ActiveCfg = Debug|Any CPU
		{5A5F6C73-E5B8-433E-BFF7-4B92AD990D3F}.AppStore|iPhone.Build.0 = Debug|Any CPU
		{38D7FAED-72AE-4A29-8D7B-8FD84D595ED9}.Debug|Any CPU.ActiveCfg = Debug|iPhoneSimulator
		{38D7FAED-72AE-4A29-8D7B-8FD84D595ED9}.Debug|Any CPU.Build.0 = Debug|iPhoneSimulator
		{38D7FAED-72AE-4A29-8D7B-8FD84D595ED9}.Release|Any CPU.ActiveCfg = Release|iPhoneSimulator
		{38D7FAED-72AE-4A29-8D7B-8FD84D595ED9}.Release|Any CPU.Build.0 = Release|iPhoneSimulator
		{38D7FAED-72AE-4A29-8D7B-8FD84D595ED9}.Debug|iPhoneSimulator.ActiveCfg = Debug|iPhoneSimulator
		{38D7FAED-72AE-4A29-8D7B-8FD84D595ED9}.Debug|iPhoneSimulator.Build.0 = Debug|iPhoneSimulator
		{38D7FAED-72AE-4A29-8D7B-8FD84D595ED9}.Release|iPhoneSimulator.ActiveCfg = Release|iPhoneSimulator
		{38D7FAED-72AE-4A29-8D7B-8FD84D595ED9}.Release|iPhoneSimulator.Build.0 = Release|iPhoneSimulator
		{38D7FAED-72AE-4A29-8D7B-8FD84D595ED9}.Debug|iPhone.ActiveCfg = Debug|iPhone
		{38D7FAED-72AE-4A29-8D7B-8FD84D595ED9}.Debug|iPhone.Build.0 = Debug|iPhone
		{38D7FAED-72AE-4A29-8D7B-8FD84D595ED9}.Release|iPhone.ActiveCfg = Release|iPhone
		{38D7FAED-72AE-4A29-8D7B-8FD84D595ED9}.Release|iPhone.Build.0 = Release|iPhone
		{38D7FAED-72AE-4A29-8D7B-8FD84D595ED9}.Ad-Hoc|iPhone.ActiveCfg = Ad-Hoc|iPhone
		{38D7FAED-72AE-4A29-8D7B-8FD84D595ED9}.Ad-Hoc|iPhone.Build.0 = Ad-Hoc|iPhone
		{38D7FAED-72AE-4A29-8D7B-8FD84D595ED9}.AppStore|iPhone.ActiveCfg = AppStore|iPhone
		{38D7FAED-72AE-4A29-8D7B-8FD84D595ED9}.AppStore|iPhone.Build.0 = AppStore|iPhone
	EndGlobalSection
EndGlobal
